{
  "name": "10_pwa",
  "version": "1.0.0",
  "lockfileVersion": 1,
  "requires": true,
  "dependencies": {
    "workbox-sw": {
      "version": "6.1.2",
      "resolved": "https://registry.npmjs.org/workbox-sw/-/workbox-sw-6.1.2.tgz",
      "integrity": "sha512-daxYjELQlNmGLeQolz29vkiVKMcAzZrSv5MLPAghvid6sajpq9x+FfMGriWaZcpyGZVKStAf6XzUbvvm0sJ/HA=="
    }
  }
}
